
Microsoft Visual Studio Solution File, Format Version 12.00
# Visual Studio Version 16
VisualStudioVersion = 16.0.30907.101
MinimumVisualStudioVersion = 10.0.40219.1
Project("{FAE04EC0-301F-11D3-BF4B-00C04F79EFBC}") = "UI", "UI\UI.csproj", "{BD8BCFBE-A136-4737-9487-03373BAEE5D8}"
	ProjectSection(ProjectDependencies) = postProject
		{FE0D7344-9A08-4C93-B039-13E480793EC1} = {FE0D7344-9A08-4C93-B039-13E480793EC1}
		{60C16FC7-AFA4-478A-B76F-1C7E9B04342B} = {60C16FC7-AFA4-478A-B76F-1C7E9B04342B}
	EndProjectSection
EndProject
Project("{FAE04EC0-301F-11D3-BF4B-00C04F79EFBC}") = "Config", "Config\Config.csproj", "{60C16FC7-AFA4-478A-B76F-1C7E9B04342B}"
EndProject
Project("{FAE04EC0-301F-11D3-BF4B-00C04F79EFBC}") = "LogRecorder", "LogRecorder\LogRecorder.csproj", "{FE0D7344-9A08-4C93-B039-13E480793EC1}"
EndProject
Project("{FAE04EC0-301F-11D3-BF4B-00C04F79EFBC}") = "VocaburaryCore", "VocaburaryManagement\VocaburaryCore.csproj", "{78F4DC5C-D5EA-4101-8394-0D86B86B28FE}"
EndProject
Global
	GlobalSection(SolutionConfigurationPlatforms) = preSolution
		Debug|Any CPU = Debug|Any CPU
		Debug|x64 = Debug|x64
		Release|Any CPU = Release|Any CPU
		Release|x64 = Release|x64
	EndGlobalSection
	GlobalSection(ProjectConfigurationPlatforms) = postSolution
		{BD8BCFBE-A136-4737-9487-03373BAEE5D8}.Debug|Any CPU.ActiveCfg = Debug|Any CPU
		{BD8BCFBE-A136-4737-9487-03373BAEE5D8}.Debug|Any CPU.Build.0 = Debug|Any CPU
		{BD8BCFBE-A136-4737-9487-03373BAEE5D8}.Debug|x64.ActiveCfg = Debug|Any CPU
		{BD8BCFBE-A136-4737-9487-03373BAEE5D8}.Debug|x64.Build.0 = Debug|Any CPU
		{BD8BCFBE-A136-4737-9487-03373BAEE5D8}.Release|Any CPU.ActiveCfg = Release|Any CPU
		{BD8BCFBE-A136-4737-9487-03373BAEE5D8}.Release|Any CPU.Build.0 = Release|Any CPU
		{BD8BCFBE-A136-4737-9487-03373BAEE5D8}.Release|x64.ActiveCfg = Release|Any CPU
		{BD8BCFBE-A136-4737-9487-03373BAEE5D8}.Release|x64.Build.0 = Release|Any CPU
		{60C16FC7-AFA4-478A-B76F-1C7E9B04342B}.Debug|Any CPU.ActiveCfg = Debug|Any CPU
		{60C16FC7-AFA4-478A-B76F-1C7E9B04342B}.Debug|Any CPU.Build.0 = Debug|Any CPU
		{60C16FC7-AFA4-478A-B76F-1C7E9B04342B}.Debug|x64.ActiveCfg = Debug|x64
		{60C16FC7-AFA4-478A-B76F-1C7E9B04342B}.Debug|x64.Build.0 = Debug|x64
		{60C16FC7-AFA4-478A-B76F-1C7E9B04342B}.Release|Any CPU.ActiveCfg = Release|Any CPU
		{60C16FC7-AFA4-478A-B76F-1C7E9B04342B}.Release|Any CPU.Build.0 = Release|Any CPU
		{60C16FC7-AFA4-478A-B76F-1C7E9B04342B}.Release|x64.ActiveCfg = Release|x64
		{60C16FC7-AFA4-478A-B76F-1C7E9B04342B}.Release|x64.Build.0 = Release|x64
		{FE0D7344-9A08-4C93-B039-13E480793EC1}.Debug|Any CPU.ActiveCfg = Debug|Any CPU
		{FE0D7344-9A08-4C93-B039-13E480793EC1}.Debug|Any CPU.Build.0 = Debug|Any CPU
		{FE0D7344-9A08-4C93-B039-13E480793EC1}.Debug|x64.ActiveCfg = Debug|Any CPU
		{FE0D7344-9A08-4C93-B039-13E480793EC1}.Debug|x64.Build.0 = Debug|Any CPU
		{FE0D7344-9A08-4C93-B039-13E480793EC1}.Release|Any CPU.ActiveCfg = Release|Any CPU
		{FE0D7344-9A08-4C93-B039-13E480793EC1}.Release|Any CPU.Build.0 = Release|Any CPU
		{FE0D7344-9A08-4C93-B039-13E480793EC1}.Release|x64.ActiveCfg = Release|Any CPU
		{FE0D7344-9A08-4C93-B039-13E480793EC1}.Release|x64.Build.0 = Release|Any CPU
		{78F4DC5C-D5EA-4101-8394-0D86B86B28FE}.Debug|Any CPU.ActiveCfg = Debug|Any CPU
		{78F4DC5C-D5EA-4101-8394-0D86B86B28FE}.Debug|Any CPU.Build.0 = Debug|Any CPU
		{78F4DC5C-D5EA-4101-8394-0D86B86B28FE}.Debug|x64.ActiveCfg = Debug|Any CPU
		{78F4DC5C-D5EA-4101-8394-0D86B86B28FE}.Debug|x64.Build.0 = Debug|Any CPU
		{78F4DC5C-D5EA-4101-8394-0D86B86B28FE}.Release|Any CPU.ActiveCfg = Release|Any CPU
		{78F4DC5C-D5EA-4101-8394-0D86B86B28FE}.Release|Any CPU.Build.0 = Release|Any CPU
		{78F4DC5C-D5EA-4101-8394-0D86B86B28FE}.Release|x64.ActiveCfg = Release|Any CPU
		{78F4DC5C-D5EA-4101-8394-0D86B86B28FE}.Release|x64.Build.0 = Release|Any CPU
	EndGlobalSection
	GlobalSection(SolutionProperties) = preSolution
		HideSolutionNode = FALSE
	EndGlobalSection
	GlobalSection(ExtensibilityGlobals) = postSolution
		SolutionGuid = {734F5814-1CC9-4154-A66E-DB5762B1281D}
	EndGlobalSection
EndGlobal
